
Microsoft Visual Studio Solution File, Format Version 12.00
# Visual Studio Version 16
VisualStudioVersion = 16.0.29411.108
MinimumVisualStudioVersion = 10.0.40219.1
Project("{FAE04EC0-301F-11D3-BF4B-00C04F79EFBC}") = "NutritionClinicLibrary", "ClassLibrary\NutritionClinicLibrary.csproj", "{B2BBBF21-ED6A-4D85-8E92-8E7A8B014EA1}"
EndProject
Project("{FAE04EC0-301F-11D3-BF4B-00C04F79EFBC}") = "ConsoleApp", "ConsoleApp\ConsoleApp.csproj", "{AF89122C-8B4B-4A1B-9715-A500C616294D}"
EndProject
Project("{FAE04EC0-301F-11D3-BF4B-00C04F79EFBC}") = "MattiasSimulator", "MattiasSimulator\MattiasSimulator.csproj", "{ABDE0807-B85A-475F-A0EB-85C007CCBD85}"
EndProject
Global
	GlobalSection(SolutionConfigurationPlatforms) = preSolution
		Debug|Any CPU = Debug|Any CPU
		Release|Any CPU = Release|Any CPU
	EndGlobalSection
	GlobalSection(ProjectConfigurationPlatforms) = postSolution
		{B2BBBF21-ED6A-4D85-8E92-8E7A8B014EA1}.Debug|Any CPU.ActiveCfg = Debug|Any CPU
		{B2BBBF21-ED6A-4D85-8E92-8E7A8B014EA1}.Debug|Any CPU.Build.0 = Debug|Any CPU
		{B2BBBF21-ED6A-4D85-8E92-8E7A8B014EA1}.Release|Any CPU.ActiveCfg = Release|Any CPU
		{B2BBBF21-ED6A-4D85-8E92-8E7A8B014EA1}.Release|Any CPU.Build.0 = Release|Any CPU
		{AF89122C-8B4B-4A1B-9715-A500C616294D}.Debug|Any CPU.ActiveCfg = Debug|Any CPU
		{AF89122C-8B4B-4A1B-9715-A500C616294D}.Debug|Any CPU.Build.0 = Debug|Any CPU
		{AF89122C-8B4B-4A1B-9715-A500C616294D}.Release|Any CPU.ActiveCfg = Release|Any CPU
		{AF89122C-8B4B-4A1B-9715-A500C616294D}.Release|Any CPU.Build.0 = Release|Any CPU
		{ABDE0807-B85A-475F-A0EB-85C007CCBD85}.Debug|Any CPU.ActiveCfg = Debug|Any CPU
		{ABDE0807-B85A-475F-A0EB-85C007CCBD85}.Debug|Any CPU.Build.0 = Debug|Any CPU
		{ABDE0807-B85A-475F-A0EB-85C007CCBD85}.Release|Any CPU.ActiveCfg = Release|Any CPU
		{ABDE0807-B85A-475F-A0EB-85C007CCBD85}.Release|Any CPU.Build.0 = Release|Any CPU
	EndGlobalSection
	GlobalSection(SolutionProperties) = preSolution
		HideSolutionNode = FALSE
	EndGlobalSection
	GlobalSection(ExtensibilityGlobals) = postSolution
		SolutionGuid = {A95C1F50-2639-4171-BA1B-B3E09D407601}
	EndGlobalSection
EndGlobal
